dependencies:
  espressif/esp_hosted:
    component_hash: d72bce4d4a9fd6d4b610f3437735f58c70cfe40abfc969b53396dbb2e1d4c49b
    dependencies:
    - name: idf
      require: private
      version: '>=5.5'
    source:
      registry_url: https://components.espressif.com/
      type: service
    targets:
    - esp32
    - esp32c2
    - esp32s2
    - esp32s3
    - esp32c3
    - esp32c5
    - esp32c6
    - esp32c61
    - esp32h2
    - esp32h4
    - esp32h21
    - esp32p4
    version: 3.0.9
  idf:
    source:
      type: idf
    version: 5.5.5
direct_dependencies:
- espressif/esp_hosted
- idf
manifest_hash: 854b1ac41928ccc08dc2a1e26ffbe809080bfb4cfeef330bb9a169ae32a3289e
target: esp32c6
version: 2.0.0
